hash: c85030f9e924b38e5a22561227aa2495ea8cee19e238e956d51f1fb7b592cae6
updated: 2017-05-26T11:41:15.158964694-04:00
imports:
- name: github.com/braintree/manners
  version: 82a8879fc5fd0381fa8b2d8033b19bf255252088
- name: github.com/gin-gonic/gin
  version: e2212d40c62a98b388a5eb48ecbdcf88534688ba
  subpackages:
  - binding
  - render
- name: github.com/golang/protobuf
  version: 2402d76f3d41f928c7902a765dfc872356dd3aad
  subpackages:
  - proto
- name: github.com/manucorporat/sse
  version: ee05b128a739a0fb76c7ebd3ae4810c1de808d6d
- name: github.com/mattn/go-isatty
  version: fc9e8d8ef48496124e79ae0df75490096eccf6fe
- name: github.com/venicegeo/dg-pz-gocommon
  version: 3dfdc8031d3ec5f6ec03151996eafbdd4a225742
  subpackages:
  - elasticsearch
  - gocommon
  - syslog
- name: golang.org/x/net
  version: f315505cf3349909cdf013ea56690da34e96a451
  subpackages:
  - context
  - context/ctxhttp
- name: golang.org/x/sys
  version: a55a76086885b80f79961eacb876ebd8caf3868d
  subpackages:
  - unix
- name: gopkg.in/go-playground/validator.v8
  version: c193cecd124b5cc722d7ee5538e945bdb3348435
- name: gopkg.in/olivere/elastic.v3
  version: 96b262cf1d25006d71bd495fd99b590493cff29e
  subpackages:
  - backoff
  - uritemplates
- name: gopkg.in/yaml.v2
  version: cd8b52f8269e0feb286dfeef29f8fe4d5b397e0b
testImports:
- name: github.com/davecgh/go-spew
  version: 5215b55f46b2b919f50a1df0eaa5886afe4e3b3d
  subpackages:
  - spew
- name: github.com/pmezard/go-difflib
  version: 792786c7400a136282c1664665ae0a8db921c6c2
  subpackages:
  - difflib
- name: github.com/stretchr/testify
  version: f390dcf405f7b83c997eac1b06768bb9f44dec18
  subpackages:
  - assert
  - require
  - suite
